
Microsoft Visual Studio Solution File, Format Version 12.00
# Visual Studio 15
VisualStudioVersion = 15.0.26730.15
MinimumVisualStudioVersion = 10.0.40219.1
Project("{FAE04EC0-301F-11D3-BF4B-00C04F79EFBC}") = "UserLookUp", "UserLookUp\UserLookUp.csproj", "{3AF839E5-87C1-48B6-ACDC-30260E1B0335}"
EndProject
Global
	GlobalSection(SolutionConfigurationPlatforms) = preSolution
		Debug|Any CPU = Debug|Any CPU
		Release|Any CPU = Release|Any CPU
	EndGlobalSection
	GlobalSection(ProjectConfigurationPlatforms) = postSolution
		{3AF839E5-87C1-48B6-ACDC-30260E1B0335}.Debug|Any CPU.ActiveCfg = Debug|Any CPU
		{3AF839E5-87C1-48B6-ACDC-30260E1B0335}.Debug|Any CPU.Build.0 = Debug|Any CPU
		{3AF839E5-87C1-48B6-ACDC-30260E1B0335}.Release|Any CPU.ActiveCfg = Release|Any CPU
		{3AF839E5-87C1-48B6-ACDC-30260E1B0335}.Release|Any CPU.Build.0 = Release|Any CPU
	EndGlobalSection
	GlobalSection(SolutionProperties) = preSolution
		HideSolutionNode = FALSE
	EndGlobalSection
	GlobalSection(ExtensibilityGlobals) = postSolution
		SolutionGuid = {D07D1BB5-3EEA-422E-BCF0-817BA0A0C2D9}
	EndGlobalSection
EndGlobal
